// !$*UTF8*$!
{
	archiveVersion = 1;
	classes = {
	};
	objectVersion = 56;
	objects = {

/* Begin PBXBuildFile section */
		7E1A11012B930A2400C2A111 /* MusicAppSwiftApp.swift in Sources */ = {isa = PBXBuildFile; fileRef = 7E1A11002B930A2400C2A111 /* MusicAppSwiftApp.swift */; };
		7E1A11032B930A3500C2A111 /* ContentView.swift in Sources */ = {isa = PBXBuildFile; fileRef = 7E1A11022B930A3500C2A111 /* ContentView.swift */; };
		7E1A11052B930A3500C2A111 /* LibraryView.swift in Sources */ = {isa = PBXBuildFile; fileRef = 7E1A11042B930A3500C2A111 /* LibraryView.swift */; };
		7E1A11072B930A3500C2A111 /* PlayerView.swift in Sources */ = {isa = PBXBuildFile; fileRef = 7E1A11062B930A3500C2A111 /* PlayerView.swift */; };
		7E1A11092B930A3500C2A111 /* LibraryStore.swift in Sources */ = {isa = PBXBuildFile; fileRef = 7E1A11082B930A3500C2A111 /* LibraryStore.swift */; };
		7E1A11112B930A3500C2A111 /* PlaybackManager.swift in Sources */ = {isa = PBXBuildFile; fileRef = 7E1A11102B930A3500C2A111 /* PlaybackManager.swift */; };
		7E1A11132B930A3500C2A111 /* Song.swift in Sources */ = {isa = PBXBuildFile; fileRef = 7E1A11122B930A3500C2A111 /* Song.swift */; };
		7E1A11152B930A3500C2A111 /* DocumentPicker.swift in Sources */ = {isa = PBXBuildFile; fileRef = 7E1A11142B930A3500C2A111 /* DocumentPicker.swift */; };
		7E1A111F2B930A5000C2A111 /* Assets.xcassets in Resources */ = {isa = PBXBuildFile; fileRef = 7E1A111E2B930A5000C2A111 /* Assets.xcassets */; };
		7E1A11212B930A5000C2A111 /* PlaylistListView.swift in Sources */ = {isa = PBXBuildFile; fileRef = 7E1A11222B930A5000C2A111 /* PlaylistListView.swift */; };
		7E1A11232B930A5000C2A111 /* PlaylistDetailView.swift in Sources */ = {isa = PBXBuildFile; fileRef = 7E1A11242B930A5000C2A111 /* PlaylistDetailView.swift */; };
		7E1A11252B930A5000C2A111 /* AddToPlaylistView.swift in Sources */ = {isa = PBXBuildFile; fileRef = 7E1A11262B930A5000C2A111 /* AddToPlaylistView.swift */; };
/* End PBXBuildFile section */

/* Begin PBXFileReference section */
		7E1A11002B930A2400C2A111 /* MusicAppSwiftApp.swift */ = {isa = PBXFileReference; lastKnownFileType = sourcecode.swift; path = MusicAppSwiftApp.swift; sourceTree = "<group>"; };
		7E1A11022B930A3500C2A111 /* ContentView.swift */ = {isa = PBXFileReference; lastKnownFileType = sourcecode.swift; path = ContentView.swift; sourceTree = "<group>"; };
		7E1A11042B930A3500C2A111 /* LibraryView.swift */ = {isa = PBXFileReference; lastKnownFileType = sourcecode.swift; path = LibraryView.swift; sourceTree = "<group>"; };
		7E1A11062B930A3500C2A111 /* PlayerView.swift */ = {isa = PBXFileReference; lastKnownFileType = sourcecode.swift; path = PlayerView.swift; sourceTree = "<group>"; };
		7E1A11082B930A3500C2A111 /* LibraryStore.swift */ = {isa = PBXFileReference; lastKnownFileType = sourcecode.swift; path = LibraryStore.swift; sourceTree = "<group>"; };
		7E1A11102B930A3500C2A111 /* PlaybackManager.swift */ = {isa = PBXFileReference; lastKnownFileType = sourcecode.swift; path = PlaybackManager.swift; sourceTree = "<group>"; };
		7E1A11122B930A3500C2A111 /* Song.swift */ = {isa = PBXFileReference; lastKnownFileType = sourcecode.swift; path = Song.swift; sourceTree = "<group>"; };
		7E1A11142B930A3500C2A111 /* DocumentPicker.swift */ = {isa = PBXFileReference; lastKnownFileType = sourcecode.swift; path = DocumentPicker.swift; sourceTree = "<group>"; };
		7E1A11162B930A5000C2A111 /* MusicAppSwift.app */ = {isa = PBXFileReference; explicitFileType = wrapper.application; includeInIndex = 0; path = MusicAppSwift.app; sourceTree = BUILT_PRODUCTS_DIR; };
		7E1A111E2B930A5000C2A111 /* Assets.xcassets */ = {isa = PBXFileReference; lastKnownFileType = folder.assetcatalog; path = Assets.xcassets; sourceTree = "<group>"; };
		7E1A11222B930A5000C2A111 /* PlaylistListView.swift */ = {isa = PBXFileReference; lastKnownFileType = sourcecode.swift; path = PlaylistListView.swift; sourceTree = "<group>"; };
		7E1A11242B930A5000C2A111 /* PlaylistDetailView.swift */ = {isa = PBXFileReference; lastKnownFileType = sourcecode.swift; path = PlaylistDetailView.swift; sourceTree = "<group>"; };
		7E1A11262B930A5000C2A111 /* AddToPlaylistView.swift */ = {isa = PBXFileReference; lastKnownFileType = sourcecode.swift; path = AddToPlaylistView.swift; sourceTree = "<group>"; };
/* End PBXFileReference section */

/* Begin PBXFrameworksBuildPhase section */
		7E1A11172B930A5000C2A111 /* Frameworks */ = {
			isa = PBXFrameworksBuildPhase;
			buildActionMask = 2147483647;
			files = (
			);
			runOnlyForDeploymentPostprocessing = 0;
		};
/* End PBXFrameworksBuildPhase section */

/* Begin PBXGroup section */
		7E1A10F72B930A1200C2A111 = {
			isa = PBXGroup;
			children = (
				7E1A10FE2B930A1900C2A111 /* MusicAppSwift */,
				7E1A11162B930A5000C2A111 /* MusicAppSwift.app */,
			);
			sourceTree = "<group>";
		};
		7E1A10FE2B930A1900C2A111 /* MusicAppSwift */ = {
			isa = PBXGroup;
			children = (
				7E1A11002B930A2400C2A111 /* MusicAppSwiftApp.swift */,
				7E1A11022B930A3500C2A111 /* ContentView.swift */,
				7E1A11042B930A3500C2A111 /* LibraryView.swift */,
				7E1A11062B930A3500C2A111 /* PlayerView.swift */,
				7E1A11082B930A3500C2A111 /* LibraryStore.swift */,
				7E1A11102B930A3500C2A111 /* PlaybackManager.swift */,
				7E1A11122B930A3500C2A111 /* Song.swift */,
				7E1A11142B930A3500C2A111 /* DocumentPicker.swift */,
				7E1A11222B930A5000C2A111 /* PlaylistListView.swift */,
				7E1A11242B930A5000C2A111 /* PlaylistDetailView.swift */,
				7E1A11262B930A5000C2A111 /* AddToPlaylistView.swift */,
				7E1A111E2B930A5000C2A111 /* Assets.xcassets */,
			);
			path = MusicAppSwift;
			sourceTree = "<group>";
		};
/* End PBXGroup section */

/* Begin PBXNativeTarget section */
		7E1A11182B930A5000C2A111 /* MusicAppSwift */ = {
			isa = PBXNativeTarget;
			buildConfigurationList = 7E1A111B2B930A5000C2A111 /* Build configuration list for PBXNativeTarget "MusicAppSwift" */;
			buildPhases = (
				7E1A111C2B930A5000C2A111 /* Sources */,
				7E1A11172B930A5000C2A111 /* Frameworks */,
				7E1A11202B930A5000C2A111 /* Resources */,
			);
			buildRules = (
			);
			dependencies = (
			);
			name = MusicAppSwift;
			productName = MusicAppSwift;
			productReference = 7E1A11162B930A5000C2A111 /* MusicAppSwift.app */;
			productType = "com.apple.product-type.application";
		};
/* End PBXNativeTarget section */

/* Begin PBXProject section */
		7E1A10F82B930A1200C2A111 /* Project object */ = {
			isa = PBXProject;
			attributes = {
				BuildIndependentTargetsInParallel = 1;
				LastSwiftUpdateCheck = 1520;
				LastUpgradeCheck = 1520;
				TargetAttributes = {
					7E1A11182B930A5000C2A111 = {
						CreatedOnToolsVersion = 15.2;
						ProvisioningStyle = Automatic;
					};
				};
			};
			buildConfigurationList = 7E1A10FA2B930A1200C2A111 /* Build configuration list for PBXProject "MusicAppSwift" */;
			compatibilityVersion = "Xcode 14.0";
			developmentRegion = en;
			hasScannedForEncodings = 0;
			knownRegions = (
				en,
				Base,
			);
			mainGroup = 7E1A10F72B930A1200C2A111;
			productRefGroup = 7E1A11162B930A5000C2A111 /* MusicAppSwift.app */;
			projectDirPath = "";
			projectRoot = "";
			targets = (
				7E1A11182B930A5000C2A111 /* MusicAppSwift */,
			);
		};
/* End PBXProject section */

/* Begin PBXResourcesBuildPhase section */
		7E1A11202B930A5000C2A111 /* Resources */ = {
			isa = PBXResourcesBuildPhase;
			buildActionMask = 2147483647;
			files = (
				7E1A111F2B930A5000C2A111 /* Assets.xcassets in Resources */,
			);
			runOnlyForDeploymentPostprocessing = 0;
		};
/* End PBXResourcesBuildPhase section */

/* Begin PBXSourcesBuildPhase section */
		7E1A111C2B930A5000C2A111 /* Sources */ = {
			isa = PBXSourcesBuildPhase;
			buildActionMask = 2147483647;
			files = (
				7E1A11012B930A2400C2A111 /* MusicAppSwiftApp.swift in Sources */,
				7E1A11032B930A3500C2A111 /* ContentView.swift in Sources */,
				7E1A11052B930A3500C2A111 /* LibraryView.swift in Sources */,
				7E1A11072B930A3500C2A111 /* PlayerView.swift in Sources */,
				7E1A11092B930A3500C2A111 /* LibraryStore.swift in Sources */,
				7E1A11112B930A3500C2A111 /* PlaybackManager.swift in Sources */,
				7E1A11132B930A3500C2A111 /* Song.swift in Sources */,
				7E1A11152B930A3500C2A111 /* DocumentPicker.swift in Sources */,
				7E1A11212B930A5000C2A111 /* PlaylistListView.swift in Sources */,
				7E1A11232B930A5000C2A111 /* PlaylistDetailView.swift in Sources */,
				7E1A11252B930A5000C2A111 /* AddToPlaylistView.swift in Sources */,
			);
			runOnlyForDeploymentPostprocessing = 0;
		};
/* End PBXSourcesBuildPhase section */

/* Begin XCBuildConfiguration section */
		7E1A10FC2B930A1200C2A111 /* Debug */ = {
			isa = XCBuildConfiguration;
			buildSettings = {
				ALWAYS_SEARCH_USER_PATHS = NO;
				ASSETCATALOG_COMPILER_GENERATE_SWIFT_ASSET_SYMBOL_EXTENSIONS = YES;
				CLANG_ANALYZER_NONNULL = YES;
				CLANG_ANALYZER_NUMBER_OBJECT_CONVERSION = YES_AGGRESSIVE;
				CLANG_CXX_LANGUAGE_STANDARD = "gnu++20";
				CLANG_ENABLE_MODULES = YES;
				CLANG_ENABLE_OBJC_ARC = YES;
				CLANG_ENABLE_OBJC_WEAK = YES;
				CLANG_WARN_BLOCK_CAPTURE_AUTORELEASING = YES;
				CLANG_WARN_BOOL_CONVERSION = YES;
				CLANG_WARN_COMMA = YES;
				CLANG_WARN_CONSTANT_CONVERSION = YES;
				CLANG_WARN_DEPRECATED_OBJC_IMPLEMENTATIONS = YES;
				CLANG_WARN_DIRECT_OBJC_RETAIN_RELEASE = YES;
				CLANG_WARN_DOCUMENTATION_COMMENTS = YES;
				CLANG_WARN_EMPTY_BODY = YES;
				CLANG_WARN_ENUM_CONVERSION = YES;
				CLANG_WARN_INFINITE_RECURSION = YES;
				CLANG_WARN_INT_CONVERSION = YES;
				CLANG_WARN_NON_LITERAL_NULL_CONVERSION = YES;
				CLANG_WARN_OBJC_IMPLICIT_RETAIN_SELF = YES;
				CLANG_WARN_OBJC_LITERAL_CONVERSION = YES;
				CLANG_WARN_OBJC_ROOT_CLASS = YES_ERROR;
				CLANG_WARN_QUOTED_INCLUDE_IN_FRAMEWORK_HEADER = YES;
				CLANG_WARN_RANGE_LOOP_ANALYSIS = YES;
				CLANG_WARN_STRICT_PROTOTYPES = YES;
				CLANG_WARN_SUSPICIOUS_MOVE = YES;
				CLANG_WARN_UNGUARDED_AVAILABILITY = YES_AGGRESSIVE;
				CLANG_WARN_UNREACHABLE_CODE = YES;
				CLANG_WARN__DUPLICATE_METHOD_MATCH = YES;
				COPY_PHASE_STRIP = NO;
				DEBUG_INFORMATION_FORMAT = dwarf;
				ENABLE_STRICT_OBJC_MSGSEND = YES;
				ENABLE_TESTABILITY = YES;
				ENABLE_USER_SCRIPT_SANDBOXING = YES;
				GCC_C_LANGUAGE_STANDARD = gnu17;
				GCC_DYNAMIC_NO_PIC = NO;
				GCC_NO_COMMON_BLOCKS = YES;
				GCC_OPTIMIZATION_LEVEL = 0;
				GCC_PREPROCESSOR_DEFINITIONS = (
					"DEBUG=1",
					"$(inherited)",
				);
				GCC_WARN_64_TO_32_BIT_CONVERSION = YES;
				GCC_WARN_ABOUT_RETURN_TYPE = YES_ERROR;
				GCC_WARN_UNDECLARED_SELECTOR = YES;
				GCC_WARN_UNINITIALIZED_AUTOS = YES_AGGRESSIVE;
				GCC_WARN_UNUSED_FUNCTION = YES;
				GCC_WARN_UNUSED_VARIABLE = YES;
				IPHONEOS_DEPLOYMENT_TARGET = 15.0;
				MTL_ENABLE_DEBUG_INFO = INCLUDE_SOURCE;
				MTL_FAST_MATH = YES;
				ONLY_ACTIVE_ARCH = YES;
				SDKROOT = iphoneos;
				SWIFT_ACTIVE_COMPILATION_CONDITIONS = "DEBUG $(inherited)";
				SWIFT_OPTIMIZATION_LEVEL = "-Onone";
			};
			name = Debug;
		};
		7E1A10FD2B930A1200C2A111 /* Release */ = {
			isa = XCBuildConfiguration;
			buildSettings = {
				ALWAYS_SEARCH_USER_PATHS = NO;
				ASSETCATALOG_COMPILER_GENERATE_SWIFT_ASSET_SYMBOL_EXTENSIONS = YES;
				CLANG_ANALYZER_NONNULL = YES;
				CLANG_ANALYZER_NUMBER_OBJECT_CONVERSION = YES_AGGRESSIVE;
				CLANG_CXX_LANGUAGE_STANDARD = "gnu++20";
				CLANG_ENABLE_MODULES = YES;
				CLANG_ENABLE_OBJC_ARC = YES;
				CLANG_ENABLE_OBJC_WEAK = YES;
				CLANG_WARN_BLOCK_CAPTURE_AUTORELEASING = YES;
				CLANG_WARN_BOOL_CONVERSION = YES;
				CLANG_WARN_COMMA = YES;
				CLANG_WARN_CONSTANT_CONVERSION = YES;
				CLANG_WARN_DEPRECATED_OBJC_IMPLEMENTATIONS = YES;
				CLANG_WARN_DIRECT_OBJC_RETAIN_RELEASE = YES;
				CLANG_WARN_DOCUMENTATION_COMMENTS = YES;
				CLANG_WARN_EMPTY_BODY = YES;
				CLANG_WARN_ENUM_CONVERSION = YES;
				CLANG_WARN_INFINITE_RECURSION = YES;
				CLANG_WARN_INT_CONVERSION = YES;
				CLANG_WARN_NON_LITERAL_NULL_CONVERSION = YES;
				CLANG_WARN_OBJC_IMPLICIT_RETAIN_SELF = YES;
				CLANG_WARN_OBJC_LITERAL_CONVERSION = YES;
				CLANG_WARN_OBJC_ROOT_CLASS = YES_ERROR;
				CLANG_WARN_QUOTED_INCLUDE_IN_FRAMEWORK_HEADER = YES;
				CLANG_WARN_RANGE_LOOP_ANALYSIS = YES;
				CLANG_WARN_STRICT_PROTOTYPES = YES;
				CLANG_WARN_SUSPICIOUS_MOVE = YES;
				CLANG_WARN_UNGUARDED_AVAILABILITY = YES_AGGRESSIVE;
				CLANG_WARN_UNREACHABLE_CODE = YES;
				CLANG_WARN__DUPLICATE_METHOD_MATCH = YES;
				COPY_PHASE_STRIP = NO;
				DEBUG_INFORMATION_FORMAT = "dwarf-with-dsym";
				ENABLE_NS_ASSERTIONS = NO;
				ENABLE_STRICT_OBJC_MSGSEND = YES;
				ENABLE_USER_SCRIPT_SANDBOXING = YES;
				GCC_C_LANGUAGE_STANDARD = gnu17;
				GCC_NO_COMMON_BLOCKS = YES;
				GCC_WARN_64_TO_32_BIT_CONVERSION = YES;
				GCC_WARN_ABOUT_RETURN_TYPE = YES_ERROR;
				GCC_WARN_UNDECLARED_SELECTOR = YES;
				GCC_WARN_UNINITIALIZED_AUTOS = YES_AGGRESSIVE;
				GCC_WARN_UNUSED_FUNCTION = YES;
				GCC_WARN_UNUSED_VARIABLE = YES;
				IPHONEOS_DEPLOYMENT_TARGET = 15.0;
				MTL_ENABLE_DEBUG_INFO = NO;
				MTL_FAST_MATH = YES;
				SDKROOT = iphoneos;
				SWIFT_COMPILATION_MODE = wholemodule;
				VALIDATE_PRODUCT = YES;
			};
			name = Release;
		};
		7E1A11192B930A5000C2A111 /* Debug */ = {
			isa = XCBuildConfiguration;
			buildSettings = {
				ASSETCATALOG_COMPILER_APPICON_NAME = AppIcon;
				ASSETCATALOG_COMPILER_GLOBAL_ACCENT_COLOR_NAME = AccentColor;
				BUNDLE_IDENTIFIER = com.srikanth1411.MusicAppSwift;
				CODE_SIGN_STYLE = Automatic;
				CURRENT_PROJECT_VERSION = 1;
				DEVELOPMENT_ASSET_PATHS = "";
				DEVELOPMENT_TEAM = 6HVUZP4K3F;
				ENABLE_PREVIEWS = YES;
				GENERATE_INFOPLIST_FILE = YES;
				INFOPLIST_FILE = MusicAppSwift/Info.plist;
				INFOPLIST_KEY_NSAppleMusicUsageDescription = "We need access to your music library to play your favorite songs.";
				INFOPLIST_KEY_UIApplicationSceneManifest_Generation = YES;
				INFOPLIST_KEY_UIBackgroundModes = audio;
				INFOPLIST_KEY_UILaunchScreen_Generation = YES;
				LD_RUNPATH_SEARCH_PATHS = (
					"$(inherited)",
					"@executable_path/Frameworks",
				);
				MARKETING_VERSION = 1.0;
				PRODUCT_BUNDLE_IDENTIFIER = com.srikanth1411.MusicAppSwift;
				PRODUCT_NAME = "$(TARGET_NAME)";
				SWIFT_EMIT_LOC_STRINGS = YES;
				SWIFT_VERSION = 5.0;
				TARGETED_DEVICE_FAMILY = "1,2";
			};
			name = Debug;
		};
		7E1A111A2B930A5000C2A111 /* Release */ = {
			isa = XCBuildConfiguration;
			buildSettings = {
				ASSETCATALOG_COMPILER_APPICON_NAME = AppIcon;
				ASSETCATALOG_COMPILER_GLOBAL_ACCENT_COLOR_NAME = AccentColor;
				BUNDLE_IDENTIFIER = com.srikanth1411.MusicAppSwift;
				CODE_SIGN_STYLE = Automatic;
				CURRENT_PROJECT_VERSION = 1;
				DEVELOPMENT_ASSET_PATHS = "";
				DEVELOPMENT_TEAM = 6HVUZP4K3F;
				ENABLE_PREVIEWS = YES;
				GENERATE_INFOPLIST_FILE = YES;
				INFOPLIST_FILE = MusicAppSwift/Info.plist;
				INFOPLIST_KEY_NSAppleMusicUsageDescription = "We need access to your music library to play your favorite songs.";
				INFOPLIST_KEY_UIApplicationSceneManifest_Generation = YES;
				INFOPLIST_KEY_UIBackgroundModes = audio;
				INFOPLIST_KEY_UILaunchScreen_Generation = YES;
				LD_RUNPATH_SEARCH_PATHS = (
					"$(inherited)",
					"@executable_path/Frameworks",
				);
				MARKETING_VERSION = 1.0;
				PRODUCT_BUNDLE_IDENTIFIER = com.srikanth1411.MusicAppSwift;
				PRODUCT_NAME = "$(TARGET_NAME)";
				SWIFT_EMIT_LOC_STRINGS = YES;
				SWIFT_VERSION = 5.0;
				TARGETED_DEVICE_FAMILY = "1,2";
			};
			name = Release;
		};
/* End XCBuildConfiguration section */

/* Begin XCConfigurationList section */
		7E1A10FA2B930A1200C2A111 /* Build configuration list for PBXProject "MusicAppSwift" */ = {
			isa = XCConfigurationList;
			buildConfigurations = (
				7E1A10FC2B930A1200C2A111 /* Debug */,
				7E1A10FD2B930A1200C2A111 /* Release */,
			);
			defaultConfigurationIsVisible = 0;
			defaultConfigurationName = Release;
		};
		7E1A111B2B930A5000C2A111 /* Build configuration list for PBXNativeTarget "MusicAppSwift" */ = {
			isa = XCConfigurationList;
			buildConfigurations = (
				7E1A11192B930A5000C2A111 /* Debug */,
				7E1A111A2B930A5000C2A111 /* Release */,
			);
			defaultConfigurationIsVisible = 0;
			defaultConfigurationName = Release;
		};
/* End XCConfigurationList section */
	};
	rootObject = 7E1A10F82B930A1200C2A111 /* Project object */;
}
